// !$*UTF8*$!
{
	archiveVersion = 1;
	classes = {
	};
	objectVersion = 46;
	objects = {

/* Begin PBXBuildFile section */
		A38F9E4D1D83D14B003AE794 /* FloorBackendManager.m in Sources */ = {isa = PBXBuildFile; fileRef = A38F9E4C1D83D14B003AE794 /* FloorBackendManager.m */; };
		A38F9E501D83D180003AE794 /* CompassManager.m in Sources */ = {isa = PBXBuildFile; fileRef = A38F9E4F1D83D180003AE794 /* CompassManager.m */; };
		A38F9E531D83D18C003AE794 /* PedometerManager.m in Sources */ = {isa = PBXBuildFile; fileRef = A38F9E521D83D18C003AE794 /* PedometerManager.m */; };
		A3D104341D84FC1200AC2BA2 /* APSegmentedControl.m in Sources */ = {isa = PBXBuildFile; fileRef = A3D104331D84FC1200AC2BA2 /* APSegmentedControl.m */; };
		A3D104B81D850A3F00AC2BA2 /* CoreGraphics.framework in Frameworks */ = {isa = PBXBuildFile; fileRef = A3D104B71D850A3F00AC2BA2 /* CoreGraphics.framework */; };
		A3D104BA1D850A4300AC2BA2 /* UIKit.framework in Frameworks */ = {isa = PBXBuildFile; fileRef = A3D104B91D850A4300AC2BA2 /* UIKit.framework */; };
		A3D104BC1D850A4800AC2BA2 /* Foundation.framework in Frameworks */ = {isa = PBXBuildFile; fileRef = A3D104BB1D850A4800AC2BA2 /* Foundation.framework */; };
		A3D104FC1D850DA500AC2BA2 /* CBUUID+StringExtraction.m in Sources */ = {isa = PBXBuildFile; fileRef = A3D104EE1D850DA500AC2BA2 /* CBUUID+StringExtraction.m */; };
		A3D104FD1D850DA500AC2BA2 /* LGCentralManager.m in Sources */ = {isa = PBXBuildFile; fileRef = A3D104F11D850DA500AC2BA2 /* LGCentralManager.m */; };
		A3D104FE1D850DA500AC2BA2 /* LGCharacteristic.m in Sources */ = {isa = PBXBuildFile; fileRef = A3D104F31D850DA500AC2BA2 /* LGCharacteristic.m */; };
		A3D104FF1D850DA500AC2BA2 /* LGPeripheral.m in Sources */ = {isa = PBXBuildFile; fileRef = A3D104F51D850DA500AC2BA2 /* LGPeripheral.m */; };
		A3D105001D850DA500AC2BA2 /* LGService.m in Sources */ = {isa = PBXBuildFile; fileRef = A3D104F71D850DA500AC2BA2 /* LGService.m */; };
		A3D105011D850DA500AC2BA2 /* LGSingleDeviceManager.m in Sources */ = {isa = PBXBuildFile; fileRef = A3D104F91D850DA500AC2BA2 /* LGSingleDeviceManager.m */; };
		A3D105021D850DA500AC2BA2 /* LGUtils.m in Sources */ = {isa = PBXBuildFile; fileRef = A3D104FB1D850DA500AC2BA2 /* LGUtils.m */; };
		A3D105051D852DEB00AC2BA2 /* MVMaterialButton.m in Sources */ = {isa = PBXBuildFile; fileRef = A3D105041D852DEB00AC2BA2 /* MVMaterialButton.m */; };
		A3E217B01D838A3500464B34 /* main.m in Sources */ = {isa = PBXBuildFile; fileRef = A3E217AF1D838A3500464B34 /* main.m */; };
		A3E217B31D838A3500464B34 /* AppDelegate.m in Sources */ = {isa = PBXBuildFile; fileRef = A3E217B21D838A3500464B34 /* AppDelegate.m */; };
		A3E217B61D838A3500464B34 /* ViewController.m in Sources */ = {isa = PBXBuildFile; fileRef = A3E217B51D838A3500464B34 /* ViewController.m */; };
		A3E217B91D838A3500464B34 /* Main.storyboard in Resources */ = {isa = PBXBuildFile; fileRef = A3E217B71D838A3500464B34 /* Main.storyboard */; };
		A3E217BB1D838A3500464B34 /* Assets.xcassets in Resources */ = {isa = PBXBuildFile; fileRef = A3E217BA1D838A3500464B34 /* Assets.xcassets */; };
		A3E217BE1D838A3500464B34 /* LaunchScreen.storyboard in Resources */ = {isa = PBXBuildFile; fileRef = A3E217BC1D838A3500464B34 /* LaunchScreen.storyboard */; };
		A3E217C61D838A5800464B34 /* CoreLocation.framework in Frameworks */ = {isa = PBXBuildFile; fileRef = A3E217C51D838A5800464B34 /* CoreLocation.framework */; };
		A3E217C81D838A5D00464B34 /* CoreMotion.framework in Frameworks */ = {isa = PBXBuildFile; fileRef = A3E217C71D838A5D00464B34 /* CoreMotion.framework */; };
		A3F9EE861D845BB500615E7E /* FloorPlanPreRecordingViewController.m in Sources */ = {isa = PBXBuildFile; fileRef = A3F9EE841D845BB500615E7E /* FloorPlanPreRecordingViewController.m */; };
		A3F9EE8B1D845C1000615E7E /* FloorPlanRecordingViewController.m in Sources */ = {isa = PBXBuildFile; fileRef = A3F9EE8A1D845C1000615E7E /* FloorPlanRecordingViewController.m */; };
		A3F9EE8E1D845C2300615E7E /* FloorPlanPostRecordingViewController.m in Sources */ = {isa = PBXBuildFile; fileRef = A3F9EE8D1D845C2300615E7E /* FloorPlanPostRecordingViewController.m */; };
		A3F9EE951D84627200615E7E /* CalibrationViewController.m in Sources */ = {isa = PBXBuildFile; fileRef = A3F9EE941D84627200615E7E /* CalibrationViewController.m */; };
		A3F9EE991D84714900615E7E /* CalibrationManager.m in Sources */ = {isa = PBXBuildFile; fileRef = A3F9EE981D84714900615E7E /* CalibrationManager.m */; };
		A3F9EEAD1D847B0800615E7E /* SCLAlertView.m in Sources */ = {isa = PBXBuildFile; fileRef = A3F9EE9D1D847B0800615E7E /* SCLAlertView.m */; };
		A3F9EEAE1D847B0800615E7E /* SCLAlertViewResponder.m in Sources */ = {isa = PBXBuildFile; fileRef = A3F9EE9F1D847B0800615E7E /* SCLAlertViewResponder.m */; };
		A3F9EEAF1D847B0800615E7E /* SCLAlertViewStyleKit.m in Sources */ = {isa = PBXBuildFile; fileRef = A3F9EEA11D847B0800615E7E /* SCLAlertViewStyleKit.m */; };
		A3F9EEB01D847B0800615E7E /* SCLButton.m in Sources */ = {isa = PBXBuildFile; fileRef = A3F9EEA31D847B0800615E7E /* SCLButton.m */; };
		A3F9EEB11D847B0800615E7E /* SCLSwitchView.m in Sources */ = {isa = PBXBuildFile; fileRef = A3F9EEA61D847B0800615E7E /* SCLSwitchView.m */; };
		A3F9EEB21D847B0800615E7E /* SCLTextView.m in Sources */ = {isa = PBXBuildFile; fileRef = A3F9EEA81D847B0800615E7E /* SCLTextView.m */; };
		A3F9EEB31D847B0800615E7E /* SCLTimerDisplay.m in Sources */ = {isa = PBXBuildFile; fileRef = A3F9EEAA1D847B0800615E7E /* SCLTimerDisplay.m */; };
		A3F9EEB41D847B0800615E7E /* UIImage+ImageEffects.m in Sources */ = {isa = PBXBuildFile; fileRef = A3F9EEAC1D847B0800615E7E /* UIImage+ImageEffects.m */; };
		A3F9EEBB1D8481FC00615E7E /* PulsingHaloLayer.m in Sources */ = {isa = PBXBuildFile; fileRef = A3F9EEB91D8481FC00615E7E /* PulsingHaloLayer.m */; };
		A3F9EEBE1D84976300615E7E /* FloorPlanRenderView.m in Sources */ = {isa = PBXBuildFile; fileRef = A3F9EEBD1D84976300615E7E /* FloorPlanRenderView.m */; };
/* End PBXBuildFile section */

/* Begin PBXFileReference section */
		A38F9E4B1D83D14B003AE794 /* FloorBackendManager.h */ = {isa = PBXFileReference; fileEncoding = 4; lastKnownFileType = sourcecode.c.h; path = FloorBackendManager.h; sourceTree = "<group>"; };
		A38F9E4C1D83D14B003AE794 /* FloorBackendManager.m */ = {isa = PBXFileReference; fileEncoding = 4; lastKnownFileType = sourcecode.c.objc; path = FloorBackendManager.m; sourceTree = "<group>"; };
		A38F9E4E1D83D180003AE794 /* CompassManager.h */ = {isa = PBXFileReference; fileEncoding = 4; lastKnownFileType = sourcecode.c.h; path = CompassManager.h; sourceTree = "<group>"; };
		A38F9E4F1D83D180003AE794 /* CompassManager.m */ = {isa = PBXFileReference; fileEncoding = 4; lastKnownFileType = sourcecode.c.objc; path = CompassManager.m; sourceTree = "<group>"; };
		A38F9E511D83D18C003AE794 /* PedometerManager.h */ = {isa = PBXFileReference; fileEncoding = 4; lastKnownFileType = sourcecode.c.h; path = PedometerManager.h; sourceTree = "<group>"; };
		A38F9E521D83D18C003AE794 /* PedometerManager.m */ = {isa = PBXFileReference; fileEncoding = 4; lastKnownFileType = sourcecode.c.objc; path = PedometerManager.m; sourceTree = "<group>"; };
		A3D104321D84FC1200AC2BA2 /* APSegmentedControl.h */ = {isa = PBXFileReference; fileEncoding = 4; lastKnownFileType = sourcecode.c.h; name = APSegmentedControl.h; path = APUI/APSegmentedControl.h; sourceTree = "<group>"; };
		A3D104331D84FC1200AC2BA2 /* APSegmentedControl.m */ = {isa = PBXFileReference; fileEncoding = 4; lastKnownFileType = sourcecode.c.objc; name = APSegmentedControl.m; path = APUI/APSegmentedControl.m; sourceTree = "<group>"; };
		A3D104B71D850A3F00AC2BA2 /* CoreGraphics.framework */ = {isa = PBXFileReference; lastKnownFileType = wrapper.framework; name = CoreGraphics.framework; path = System/Library/Frameworks/CoreGraphics.framework; sourceTree = SDKROOT; };
		A3D104B91D850A4300AC2BA2 /* UIKit.framework */ = {isa = PBXFileReference; lastKnownFileType = wrapper.framework; name = UIKit.framework; path = System/Library/Frameworks/UIKit.framework; sourceTree = SDKROOT; };
		A3D104BB1D850A4800AC2BA2 /* Foundation.framework */ = {isa = PBXFileReference; lastKnownFileType = wrapper.framework; name = Foundation.framework; path = System/Library/Frameworks/Foundation.framework; sourceTree = SDKROOT; };
		A3D104D41D850D3F00AC2BA2 /* PrefixHeader.pch */ = {isa = PBXFileReference; lastKnownFileType = sourcecode.c.h; name = PrefixHeader.pch; path = MapInside/PrefixHeader.pch; sourceTree = "<group>"; };
		A3D104ED1D850DA500AC2BA2 /* CBUUID+StringExtraction.h */ = {isa = PBXFileReference; fileEncoding = 4; lastKnownFileType = sourcecode.c.h; path = "CBUUID+StringExtraction.h"; sourceTree = "<group>"; };
		A3D104EE1D850DA500AC2BA2 /* CBUUID+StringExtraction.m */ = {isa = PBXFileReference; fileEncoding = 4; lastKnownFileType = sourcecode.c.objc; path = "CBUUID+StringExtraction.m"; sourceTree = "<group>"; };
		A3D104EF1D850DA500AC2BA2 /* LGBluetooth.h */ = {isa = PBXFileReference; fileEncoding = 4; lastKnownFileType = sourcecode.c.h; path = LGBluetooth.h; sourceTree = "<group>"; };
		A3D104F01D850DA500AC2BA2 /* LGCentralManager.h */ = {isa = PBXFileReference; fileEncoding = 4; lastKnownFileType = sourcecode.c.h; path = LGCentralManager.h; sourceTree = "<group>"; };
		A3D104F11D850DA500AC2BA2 /* LGCentralManager.m */ = {isa = PBXFileReference; fileEncoding = 4; lastKnownFileType = sourcecode.c.objc; path = LGCentralManager.m; sourceTree = "<group>"; };
		A3D104F21D850DA500AC2BA2 /* LGCharacteristic.h */ = {isa = PBXFileReference; fileEncoding = 4; lastKnownFileType = sourcecode.c.h; path = LGCharacteristic.h; sourceTree = "<group>"; };
		A3D104F31D850DA500AC2BA2 /* LGCharacteristic.m */ = {isa = PBXFileReference; fileEncoding = 4; lastKnownFileType = sourcecode.c.objc; path = LGCharacteristic.m; sourceTree = "<group>"; };
		A3D104F41D850DA500AC2BA2 /* LGPeripheral.h */ = {isa = PBXFileReference; fileEncoding = 4; lastKnownFileType = sourcecode.c.h; path = LGPeripheral.h; sourceTree = "<group>"; };
		A3D104F51D850DA500AC2BA2 /* LGPeripheral.m */ = {isa = PBXFileReference; fileEncoding = 4; lastKnownFileType = sourcecode.c.objc; path = LGPeripheral.m; sourceTree = "<group>"; };
		A3D104F61D850DA500AC2BA2 /* LGService.h */ = {isa = PBXFileReference; fileEncoding = 4; lastKnownFileType = sourcecode.c.h; path = LGService.h; sourceTree = "<group>"; };
		A3D104F71D850DA500AC2BA2 /* LGService.m */ = {isa = PBXFileReference; fileEncoding = 4; lastKnownFileType = sourcecode.c.objc; path = LGService.m; sourceTree = "<group>"; };
		A3D104F81D850DA500AC2BA2 /* LGSingleDeviceManager.h */ = {isa = PBXFileReference; fileEncoding = 4; lastKnownFileType = sourcecode.c.h; path = LGSingleDeviceManager.h; sourceTree = "<group>"; };
		A3D104F91D850DA500AC2BA2 /* LGSingleDeviceManager.m */ = {isa = PBXFileReference; fileEncoding = 4; lastKnownFileType = sourcecode.c.objc; path = LGSingleDeviceManager.m; sourceTree = "<group>"; };
		A3D104FA1D850DA500AC2BA2 /* LGUtils.h */ = {isa = PBXFileReference; fileEncoding = 4; lastKnownFileType = sourcecode.c.h; path = LGUtils.h; sourceTree = "<group>"; };
		A3D104FB1D850DA500AC2BA2 /* LGUtils.m */ = {isa = PBXFileReference; fileEncoding = 4; lastKnownFileType = sourcecode.c.objc; path = LGUtils.m; sourceTree = "<group>"; };
		A3D105031D852DEB00AC2BA2 /* MVMaterialButton.h */ = {isa = PBXFileReference; fileEncoding = 4; lastKnownFileType = sourcecode.c.h; path = MVMaterialButton.h; sourceTree = "<group>"; };
		A3D105041D852DEB00AC2BA2 /* MVMaterialButton.m */ = {isa = PBXFileReference; fileEncoding = 4; lastKnownFileType = sourcecode.c.objc; path = MVMaterialButton.m; sourceTree = "<group>"; };
		A3E217AB1D838A3500464B34 /* MapInside.app */ = {isa = PBXFileReference; explicitFileType = wrapper.application; includeInIndex = 0; path = MapInside.app; sourceTree = BUILT_PRODUCTS_DIR; };
		A3E217AF1D838A3500464B34 /* main.m */ = {isa = PBXFileReference; lastKnownFileType = sourcecode.c.objc; path = main.m; sourceTree = "<group>"; };
		A3E217B11D838A3500464B34 /* AppDelegate.h */ = {isa = PBXFileReference; lastKnownFileType = sourcecode.c.h; path = AppDelegate.h; sourceTree = "<group>"; };
		A3E217B21D838A3500464B34 /* AppDelegate.m */ = {isa = PBXFileReference; lastKnownFileType = sourcecode.c.objc; path = AppDelegate.m; sourceTree = "<group>"; };
		A3E217B41D838A3500464B34 /* ViewController.h */ = {isa = PBXFileReference; lastKnownFileType = sourcecode.c.h; path = ViewController.h; sourceTree = "<group>"; };
		A3E217B51D838A3500464B34 /* ViewController.m */ = {isa = PBXFileReference; lastKnownFileType = sourcecode.c.objc; path = ViewController.m; sourceTree = "<group>"; };
		A3E217B81D838A3500464B34 /* Base */ = {isa = PBXFileReference; lastKnownFileType = file.storyboard; name = Base; path = Base.lproj/Main.storyboard; sourceTree = "<group>"; };
		A3E217BA1D838A3500464B34 /* Assets.xcassets */ = {isa = PBXFileReference; lastKnownFileType = folder.assetcatalog; path = Assets.xcassets; sourceTree = "<group>"; };
		A3E217BD1D838A3500464B34 /* Base */ = {isa = PBXFileReference; lastKnownFileType = file.storyboard; name = Base; path = Base.lproj/LaunchScreen.storyboard; sourceTree = "<group>"; };
		A3E217BF1D838A3500464B34 /* Info.plist */ = {isa = PBXFileReference; lastKnownFileType = text.plist.xml; path = Info.plist; sourceTree = "<group>"; };
		A3E217C51D838A5800464B34 /* CoreLocation.framework */ = {isa = PBXFileReference; lastKnownFileType = wrapper.framework; name = CoreLocation.framework; path = System/Library/Frameworks/CoreLocation.framework; sourceTree = SDKROOT; };
		A3E217C71D838A5D00464B34 /* CoreMotion.framework */ = {isa = PBXFileReference; lastKnownFileType = wrapper.framework; name = CoreMotion.framework; path = System/Library/Frameworks/CoreMotion.framework; sourceTree = SDKROOT; };
		A3F9EE831D845BB500615E7E /* FloorPlanPreRecordingViewController.h */ = {isa = PBXFileReference; fileEncoding = 4; lastKnownFileType = sourcecode.c.h; path = FloorPlanPreRecordingViewController.h; sourceTree = "<group>"; };
		A3F9EE841D845BB500615E7E /* FloorPlanPreRecordingViewController.m */ = {isa = PBXFileReference; fileEncoding = 4; lastKnownFileType = sourcecode.c.objc; path = FloorPlanPreRecordingViewController.m; sourceTree = "<group>"; };
		A3F9EE891D845C1000615E7E /* FloorPlanRecordingViewController.h */ = {isa = PBXFileReference; fileEncoding = 4; lastKnownFileType = sourcecode.c.h; path = FloorPlanRecordingViewController.h; sourceTree = "<group>"; };
		A3F9EE8A1D845C1000615E7E /* FloorPlanRecordingViewController.m */ = {isa = PBXFileReference; fileEncoding = 4; lastKnownFileType = sourcecode.c.objc; path = FloorPlanRecordingViewController.m; sourceTree = "<group>"; };
		A3F9EE8C1D845C2300615E7E /* FloorPlanPostRecordingViewController.h */ = {isa = PBXFileReference; fileEncoding = 4; lastKnownFileType = sourcecode.c.h; path = FloorPlanPostRecordingViewController.h; sourceTree = "<group>"; };
		A3F9EE8D1D845C2300615E7E /* FloorPlanPostRecordingViewController.m */ = {isa = PBXFileReference; fileEncoding = 4; lastKnownFileType = sourcecode.c.objc; path = FloorPlanPostRecordingViewController.m; sourceTree = "<group>"; };
		A3F9EE931D84627200615E7E /* CalibrationViewController.h */ = {isa = PBXFileReference; fileEncoding = 4; lastKnownFileType = sourcecode.c.h; path = CalibrationViewController.h; sourceTree = "<group>"; };
		A3F9EE941D84627200615E7E /* CalibrationViewController.m */ = {isa = PBXFileReference; fileEncoding = 4; lastKnownFileType = sourcecode.c.objc; path = CalibrationViewController.m; sourceTree = "<group>"; };
		A3F9EE971D84714900615E7E /* CalibrationManager.h */ = {isa = PBXFileReference; fileEncoding = 4; lastKnownFileType = sourcecode.c.h; path = CalibrationManager.h; sourceTree = "<group>"; };
		A3F9EE981D84714900615E7E /* CalibrationManager.m */ = {isa = PBXFileReference; fileEncoding = 4; lastKnownFileType = sourcecode.c.objc; path = CalibrationManager.m; sourceTree = "<group>"; };
		A3F9EE9C1D847B0800615E7E /* SCLAlertView.h */ = {isa = PBXFileReference; fileEncoding = 4; lastKnownFileType = sourcecode.c.h; path = SCLAlertView.h; sourceTree = "<group>"; };
		A3F9EE9D1D847B0800615E7E /* SCLAlertView.m */ = {isa = PBXFileReference; fileEncoding = 4; lastKnownFileType = sourcecode.c.objc; path = SCLAlertView.m; sourceTree = "<group>"; };
		A3F9EE9E1D847B0800615E7E /* SCLAlertViewResponder.h */ = {isa = PBXFileReference; fileEncoding = 4; lastKnownFileType = sourcecode.c.h; path = SCLAlertViewResponder.h; sourceTree = "<group>"; };
		A3F9EE9F1D847B0800615E7E /* SCLAlertViewResponder.m */ = {isa = PBXFileReference; fileEncoding = 4; lastKnownFileType = sourcecode.c.objc; path = SCLAlertViewResponder.m; sourceTree = "<group>"; };
		A3F9EEA01D847B0800615E7E /* SCLAlertViewStyleKit.h */ = {isa = PBXFileReference; fileEncoding = 4; lastKnownFileType = sourcecode.c.h; path = SCLAlertViewStyleKit.h; sourceTree = "<group>"; };
		A3F9EEA11D847B0800615E7E /* SCLAlertViewStyleKit.m */ = {isa = PBXFileReference; fileEncoding = 4; lastKnownFileType = sourcecode.c.objc; path = SCLAlertViewStyleKit.m; sourceTree = "<group>"; };
		A3F9EEA21D847B0800615E7E /* SCLButton.h */ = {isa = PBXFileReference; fileEncoding = 4; lastKnownFileType = sourcecode.c.h; path = SCLButton.h; sourceTree = "<group>"; };
		A3F9EEA31D847B0800615E7E /* SCLButton.m */ = {isa = PBXFileReference; fileEncoding = 4; lastKnownFileType = sourcecode.c.objc; path = SCLButton.m; sourceTree = "<group>"; };
		A3F9EEA41D847B0800615E7E /* SCLMacros.h */ = {isa = PBXFileReference; fileEncoding = 4; lastKnownFileType = sourcecode.c.h; path = SCLMacros.h; sourceTree = "<group>"; };
		A3F9EEA51D847B0800615E7E /* SCLSwitchView.h */ = {isa = PBXFileReference; fileEncoding = 4; lastKnownFileType = sourcecode.c.h; path = SCLSwitchView.h; sourceTree = "<group>"; };
		A3F9EEA61D847B0800615E7E /* SCLSwitchView.m */ = {isa = PBXFileReference; fileEncoding = 4; lastKnownFileType = sourcecode.c.objc; path = SCLSwitchView.m; sourceTree = "<group>"; };
		A3F9EEA71D847B0800615E7E /* SCLTextView.h */ = {isa = PBXFileReference; fileEncoding = 4; lastKnownFileType = sourcecode.c.h; path = SCLTextView.h; sourceTree = "<group>"; };
		A3F9EEA81D847B0800615E7E /* SCLTextView.m */ = {isa = PBXFileReference; fileEncoding = 4; lastKnownFileType = sourcecode.c.objc; path = SCLTextView.m; sourceTree = "<group>"; };
		A3F9EEA91D847B0800615E7E /* SCLTimerDisplay.h */ = {isa = PBXFileReference; fileEncoding = 4; lastKnownFileType = sourcecode.c.h; path = SCLTimerDisplay.h; sourceTree = "<group>"; };
		A3F9EEAA1D847B0800615E7E /* SCLTimerDisplay.m */ = {isa = PBXFileReference; fileEncoding = 4; lastKnownFileType = sourcecode.c.objc; path = SCLTimerDisplay.m; sourceTree = "<group>"; };
		A3F9EEAB1D847B0800615E7E /* UIImage+ImageEffects.h */ = {isa = PBXFileReference; fileEncoding = 4; lastKnownFileType = sourcecode.c.h; path = "UIImage+ImageEffects.h"; sourceTree = "<group>"; };
		A3F9EEAC1D847B0800615E7E /* UIImage+ImageEffects.m */ = {isa = PBXFileReference; fileEncoding = 4; lastKnownFileType = sourcecode.c.objc; path = "UIImage+ImageEffects.m"; sourceTree = "<group>"; };
		A3F9EEB71D8481FC00615E7E /* PulsingHalo.h */ = {isa = PBXFileReference; fileEncoding = 4; lastKnownFileType = sourcecode.c.h; path = PulsingHalo.h; sourceTree = "<group>"; };
		A3F9EEB81D8481FC00615E7E /* PulsingHaloLayer.h */ = {isa = PBXFileReference; fileEncoding = 4; lastKnownFileType = sourcecode.c.h; path = PulsingHaloLayer.h; sourceTree = "<group>"; };
		A3F9EEB91D8481FC00615E7E /* PulsingHaloLayer.m */ = {isa = PBXFileReference; fileEncoding = 4; lastKnownFileType = sourcecode.c.objc; path = PulsingHaloLayer.m; sourceTree = "<group>"; };
		A3F9EEBC1D84976300615E7E /* FloorPlanRenderView.h */ = {isa = PBXFileReference; fileEncoding = 4; lastKnownFileType = sourcecode.c.h; path = FloorPlanRenderView.h; sourceTree = "<group>"; };
		A3F9EEBD1D84976300615E7E /* FloorPlanRenderView.m */ = {isa = PBXFileReference; fileEncoding = 4; lastKnownFileType = sourcecode.c.objc; path = FloorPlanRenderView.m; sourceTree = "<group>"; };
/* End PBXFileReference section */

/* Begin PBXFrameworksBuildPhase section */
		A3E217A81D838A3500464B34 /* Frameworks */ = {
			isa = PBXFrameworksBuildPhase;
			buildActionMask = 2147483647;
			files = (
				A3D104BC1D850A4800AC2BA2 /* Foundation.framework in Frameworks */,
				A3D104BA1D850A4300AC2BA2 /* UIKit.framework in Frameworks */,
				A3D104B81D850A3F00AC2BA2 /* CoreGraphics.framework in Frameworks */,
				A3E217C81D838A5D00464B34 /* CoreMotion.framework in Frameworks */,
				A3E217C61D838A5800464B34 /* CoreLocation.framework in Frameworks */,
			);
			runOnlyForDeploymentPostprocessing = 0;
		};
/* End PBXFrameworksBuildPhase section */

/* Begin PBXGroup section */
		A38F9E541D83D190003AE794 /* Pedometer Manager */ = {
			isa = PBXGroup;
			children = (
				A38F9E511D83D18C003AE794 /* PedometerManager.h */,
				A38F9E521D83D18C003AE794 /* PedometerManager.m */,
			);
			name = "Pedometer Manager";
			sourceTree = "<group>";
		};
		A38F9E551D83D197003AE794 /* Compass Manager */ = {
			isa = PBXGroup;
			children = (
				A38F9E4E1D83D180003AE794 /* CompassManager.h */,
				A38F9E4F1D83D180003AE794 /* CompassManager.m */,
			);
			name = "Compass Manager";
			sourceTree = "<group>";
		};
		A38F9E561D83D19C003AE794 /* Floor Backend Manager */ = {
			isa = PBXGroup;
			children = (
				A38F9E551D83D197003AE794 /* Compass Manager */,
				A38F9E541D83D190003AE794 /* Pedometer Manager */,
				A38F9E581D83D1B0003AE794 /* Manager */,
			);
			name = "Floor Backend Manager";
			sourceTree = "<group>";
		};
		A38F9E571D83D1A3003AE794 /* Backend */ = {
			isa = PBXGroup;
			children = (
				A38F9E561D83D19C003AE794 /* Floor Backend Manager */,
			);
			name = Backend;
			sourceTree = "<group>";
		};
		A38F9E581D83D1B0003AE794 /* Manager */ = {
			isa = PBXGroup;
			children = (
				A38F9E4B1D83D14B003AE794 /* FloorBackendManager.h */,
				A38F9E4C1D83D14B003AE794 /* FloorBackendManager.m */,
			);
			name = Manager;
			sourceTree = "<group>";
		};
		A3D104351D84FC1900AC2BA2 /* APUI */ = {
			isa = PBXGroup;
			children = (
				A3D104321D84FC1200AC2BA2 /* APSegmentedControl.h */,
				A3D104331D84FC1200AC2BA2 /* APSegmentedControl.m */,
			);
			name = APUI;
			sourceTree = "<group>";
		};
		A3D104EC1D850DA500AC2BA2 /* LGBluetooth */ = {
			isa = PBXGroup;
			children = (
				A3D104ED1D850DA500AC2BA2 /* CBUUID+StringExtraction.h */,
				A3D104EE1D850DA500AC2BA2 /* CBUUID+StringExtraction.m */,
				A3D104EF1D850DA500AC2BA2 /* LGBluetooth.h */,
				A3D104F01D850DA500AC2BA2 /* LGCentralManager.h */,
				A3D104F11D850DA500AC2BA2 /* LGCentralManager.m */,
				A3D104F21D850DA500AC2BA2 /* LGCharacteristic.h */,
				A3D104F31D850DA500AC2BA2 /* LGCharacteristic.m */,
				A3D104F41D850DA500AC2BA2 /* LGPeripheral.h */,
				A3D104F51D850DA500AC2BA2 /* LGPeripheral.m */,
				A3D104F61D850DA500AC2BA2 /* LGService.h */,
				A3D104F71D850DA500AC2BA2 /* LGService.m */,
				A3D104F81D850DA500AC2BA2 /* LGSingleDeviceManager.h */,
				A3D104F91D850DA500AC2BA2 /* LGSingleDeviceManager.m */,
				A3D104FA1D850DA500AC2BA2 /* LGUtils.h */,
				A3D104FB1D850DA500AC2BA2 /* LGUtils.m */,
			);
			path = LGBluetooth;
			sourceTree = "<group>";
		};
		A3D105061D852DEF00AC2BA2 /* MVMaterialButton */ = {
			isa = PBXGroup;
			children = (
				A3D105031D852DEB00AC2BA2 /* MVMaterialButton.h */,
				A3D105041D852DEB00AC2BA2 /* MVMaterialButton.m */,
			);
			name = MVMaterialButton;
			sourceTree = "<group>";
		};
		A3E217A21D838A3500464B34 = {
			isa = PBXGroup;
			children = (
				A3D104D41D850D3F00AC2BA2 /* PrefixHeader.pch */,
				A3D104BB1D850A4800AC2BA2 /* Foundation.framework */,
				A3D104B91D850A4300AC2BA2 /* UIKit.framework */,
				A3D104B71D850A3F00AC2BA2 /* CoreGraphics.framework */,
				A3E217AD1D838A3500464B34 /* MapInside */,
				A3E217AC1D838A3500464B34 /* Products */,
			);
			sourceTree = "<group>";
		};
		A3E217AC1D838A3500464B34 /* Products */ = {
			isa = PBXGroup;
			children = (
				A3E217AB1D838A3500464B34 /* MapInside.app */,
			);
			name = Products;
			sourceTree = "<group>";
		};
		A3E217AD1D838A3500464B34 /* MapInside */ = {
			isa = PBXGroup;
			children = (
				A3E217B11D838A3500464B34 /* AppDelegate.h */,
				A3E217B21D838A3500464B34 /* AppDelegate.m */,
				A3F9EE811D845B7200615E7E /* Front-end */,
				A3E217B71D838A3500464B34 /* Main.storyboard */,
				A38F9E571D83D1A3003AE794 /* Backend */,
				A3E217BA1D838A3500464B34 /* Assets.xcassets */,
				A3E217BC1D838A3500464B34 /* LaunchScreen.storyboard */,
				A3E217BF1D838A3500464B34 /* Info.plist */,
				A3E217AE1D838A3500464B34 /* Supporting Files */,
			);
			path = MapInside;
			sourceTree = "<group>";
		};
		A3E217AE1D838A3500464B34 /* Supporting Files */ = {
			isa = PBXGroup;
			children = (
				A3D105061D852DEF00AC2BA2 /* MVMaterialButton */,
				A3D104EC1D850DA500AC2BA2 /* LGBluetooth */,
				A3D104351D84FC1900AC2BA2 /* APUI */,
				A3F9EEB51D8481FC00615E7E /* PulsingHalo */,
				A3F9EE9B1D847B0800615E7E /* SCLAlertView */,
				A3E217C71D838A5D00464B34 /* CoreMotion.framework */,
				A3E217C51D838A5800464B34 /* CoreLocation.framework */,
				A3E217AF1D838A3500464B34 /* main.m */,
			);
			name = "Supporting Files";
			sourceTree = "<group>";
		};
		A3F9EE811D845B7200615E7E /* Front-end */ = {
			isa = PBXGroup;
			children = (
				A3F9EE821D845B7D00615E7E /* Home */,
				A3F9EE881D845BB800615E7E /* PreRecording Path Controller */,
				A3F9EE901D845C3100615E7E /* Recording Path Controller */,
				A3F9EE8F1D845C2700615E7E /* PostRecording Path Controller */,
			);
			name = "Front-end";
			sourceTree = "<group>";
		};
		A3F9EE821D845B7D00615E7E /* Home */ = {
			isa = PBXGroup;
			children = (
				A3E217B41D838A3500464B34 /* ViewController.h */,
				A3E217B51D838A3500464B34 /* ViewController.m */,
			);
			name = Home;
			sourceTree = "<group>";
		};
		A3F9EE881D845BB800615E7E /* PreRecording Path Controller */ = {
			isa = PBXGroup;
			children = (
				A3F9EE831D845BB500615E7E /* FloorPlanPreRecordingViewController.h */,
				A3F9EE841D845BB500615E7E /* FloorPlanPreRecordingViewController.m */,
				A3F9EE961D84627500615E7E /* Calibration Controller */,
			);
			name = "PreRecording Path Controller";
			sourceTree = "<group>";
		};
		A3F9EE8F1D845C2700615E7E /* PostRecording Path Controller */ = {
			isa = PBXGroup;
			children = (
				A3F9EE8C1D845C2300615E7E /* FloorPlanPostRecordingViewController.h */,
				A3F9EE8D1D845C2300615E7E /* FloorPlanPostRecordingViewController.m */,
				A3F9EEBF1D84976600615E7E /* Floor Plan Render View */,
			);
			name = "PostRecording Path Controller";
			sourceTree = "<group>";
		};
		A3F9EE901D845C3100615E7E /* Recording Path Controller */ = {
			isa = PBXGroup;
			children = (
				A3F9EE891D845C1000615E7E /* FloorPlanRecordingViewController.h */,
				A3F9EE8A1D845C1000615E7E /* FloorPlanRecordingViewController.m */,
			);
			name = "Recording Path Controller";
			sourceTree = "<group>";
		};
		A3F9EE961D84627500615E7E /* Calibration Controller */ = {
			isa = PBXGroup;
			children = (
				A3F9EE931D84627200615E7E /* CalibrationViewController.h */,
				A3F9EE941D84627200615E7E /* CalibrationViewController.m */,
				A3F9EE9A1D84714C00615E7E /* Calibration Manager */,
			);
			name = "Calibration Controller";
			sourceTree = "<group>";
		};
		A3F9EE9A1D84714C00615E7E /* Calibration Manager */ = {
			isa = PBXGroup;
			children = (
				A3F9EE971D84714900615E7E /* CalibrationManager.h */,
				A3F9EE981D84714900615E7E /* CalibrationManager.m */,
			);
			name = "Calibration Manager";
			sourceTree = "<group>";
		};
		A3F9EE9B1D847B0800615E7E /* SCLAlertView */ = {
			isa = PBXGroup;
			children = (
				A3F9EE9C1D847B0800615E7E /* SCLAlertView.h */,
				A3F9EE9D1D847B0800615E7E /* SCLAlertView.m */,
				A3F9EE9E1D847B0800615E7E /* SCLAlertViewResponder.h */,
				A3F9EE9F1D847B0800615E7E /* SCLAlertViewResponder.m */,
				A3F9EEA01D847B0800615E7E /* SCLAlertViewStyleKit.h */,
				A3F9EEA11D847B0800615E7E /* SCLAlertViewStyleKit.m */,
				A3F9EEA21D847B0800615E7E /* SCLButton.h */,
				A3F9EEA31D847B0800615E7E /* SCLButton.m */,
				A3F9EEA41D847B0800615E7E /* SCLMacros.h */,
				A3F9EEA51D847B0800615E7E /* SCLSwitchView.h */,
				A3F9EEA61D847B0800615E7E /* SCLSwitchView.m */,
				A3F9EEA71D847B0800615E7E /* SCLTextView.h */,
				A3F9EEA81D847B0800615E7E /* SCLTextView.m */,
				A3F9EEA91D847B0800615E7E /* SCLTimerDisplay.h */,
				A3F9EEAA1D847B0800615E7E /* SCLTimerDisplay.m */,
				A3F9EEAB1D847B0800615E7E /* UIImage+ImageEffects.h */,
				A3F9EEAC1D847B0800615E7E /* UIImage+ImageEffects.m */,
			);
			path = SCLAlertView;
			sourceTree = "<group>";
		};
		A3F9EEB51D8481FC00615E7E /* PulsingHalo */ = {
			isa = PBXGroup;
			children = (
				A3F9EEB71D8481FC00615E7E /* PulsingHalo.h */,
				A3F9EEB81D8481FC00615E7E /* PulsingHaloLayer.h */,
				A3F9EEB91D8481FC00615E7E /* PulsingHaloLayer.m */,
			);
			path = PulsingHalo;
			sourceTree = "<group>";
		};
		A3F9EEBF1D84976600615E7E /* Floor Plan Render View */ = {
			isa = PBXGroup;
			children = (
				A3F9EEBC1D84976300615E7E /* FloorPlanRenderView.h */,
				A3F9EEBD1D84976300615E7E /* FloorPlanRenderView.m */,
			);
			name = "Floor Plan Render View";
			sourceTree = "<group>";
		};
/* End PBXGroup section */

/* Begin PBXNativeTarget section */
		A3E217AA1D838A3500464B34 /* MapInside */ = {
			isa = PBXNativeTarget;
			buildConfigurationList = A3E217C21D838A3500464B34 /* Build configuration list for PBXNativeTarget "MapInside" */;
			buildPhases = (
				A3E217A71D838A3500464B34 /* Sources */,
				A3E217A81D838A3500464B34 /* Frameworks */,
				A3E217A91D838A3500464B34 /* Resources */,
			);
			buildRules = (
			);
			dependencies = (
			);
			name = MapInside;
			productName = MapInside;
			productReference = A3E217AB1D838A3500464B34 /* MapInside.app */;
			productType = "com.apple.product-type.application";
		};
/* End PBXNativeTarget section */

/* Begin PBXProject section */
		A3E217A31D838A3500464B34 /* Project object */ = {
			isa = PBXProject;
			attributes = {
				LastUpgradeCheck = 0730;
				ORGANIZATIONNAME = Stuckinaboot;
				TargetAttributes = {
					A3E217AA1D838A3500464B34 = {
						CreatedOnToolsVersion = 7.3.1;
					};
				};
			};
			buildConfigurationList = A3E217A61D838A3500464B34 /* Build configuration list for PBXProject "MapInside" */;
			compatibilityVersion = "Xcode 3.2";
			developmentRegion = English;
			hasScannedForEncodings = 0;
			knownRegions = (
				en,
				Base,
			);
			mainGroup = A3E217A21D838A3500464B34;
			productRefGroup = A3E217AC1D838A3500464B34 /* Products */;
			projectDirPath = "";
			projectRoot = "";
			targets = (
				A3E217AA1D838A3500464B34 /* MapInside */,
			);
		};
/* End PBXProject section */

/* Begin PBXResourcesBuildPhase section */
		A3E217A91D838A3500464B34 /* Resources */ = {
			isa = PBXResourcesBuildPhase;
			buildActionMask = 2147483647;
			files = (
				A3E217BE1D838A3500464B34 /* LaunchScreen.storyboard in Resources */,
				A3E217BB1D838A3500464B34 /* Assets.xcassets in Resources */,
				A3E217B91D838A3500464B34 /* Main.storyboard in Resources */,
			);
			runOnlyForDeploymentPostprocessing = 0;
		};
/* End PBXResourcesBuildPhase section */

/* Begin PBXSourcesBuildPhase section */
		A3E217A71D838A3500464B34 /* Sources */ = {
			isa = PBXSourcesBuildPhase;
			buildActionMask = 2147483647;
			files = (
				A3D104FF1D850DA500AC2BA2 /* LGPeripheral.m in Sources */,
				A3F9EEBB1D8481FC00615E7E /* PulsingHaloLayer.m in Sources */,
				A3E217B61D838A3500464B34 /* ViewController.m in Sources */,
				A3F9EEAE1D847B0800615E7E /* SCLAlertViewResponder.m in Sources */,
				A3F9EEB41D847B0800615E7E /* UIImage+ImageEffects.m in Sources */,
				A38F9E531D83D18C003AE794 /* PedometerManager.m in Sources */,
				A3F9EEAD1D847B0800615E7E /* SCLAlertView.m in Sources */,
				A3D105051D852DEB00AC2BA2 /* MVMaterialButton.m in Sources */,
				A3F9EE8E1D845C2300615E7E /* FloorPlanPostRecordingViewController.m in Sources */,
				A3F9EE951D84627200615E7E /* CalibrationViewController.m in Sources */,
				A38F9E501D83D180003AE794 /* CompassManager.m in Sources */,
				A3D105011D850DA500AC2BA2 /* LGSingleDeviceManager.m in Sources */,
				A3F9EEB21D847B0800615E7E /* SCLTextView.m in Sources */,
				A3F9EE991D84714900615E7E /* CalibrationManager.m in Sources */,
				A3F9EE861D845BB500615E7E /* FloorPlanPreRecordingViewController.m in Sources */,
				A3F9EEB11D847B0800615E7E /* SCLSwitchView.m in Sources */,
				A3D104341D84FC1200AC2BA2 /* APSegmentedControl.m in Sources */,
				A3F9EEAF1D847B0800615E7E /* SCLAlertViewStyleKit.m in Sources */,
				A38F9E4D1D83D14B003AE794 /* FloorBackendManager.m in Sources */,
				A3F9EEB31D847B0800615E7E /* SCLTimerDisplay.m in Sources */,
				A3E217B31D838A3500464B34 /* AppDelegate.m in Sources */,
				A3D104FC1D850DA500AC2BA2 /* CBUUID+StringExtraction.m in Sources */,
				A3D104FE1D850DA500AC2BA2 /* LGCharacteristic.m in Sources */,
				A3F9EEBE1D84976300615E7E /* FloorPlanRenderView.m in Sources */,
				A3D104FD1D850DA500AC2BA2 /* LGCentralManager.m in Sources */,
				A3F9EE8B1D845C1000615E7E /* FloorPlanRecordingViewController.m in Sources */,
				A3D105001D850DA500AC2BA2 /* LGService.m in Sources */,
				A3F9EEB01D847B0800615E7E /* SCLButton.m in Sources */,
				A3E217B01D838A3500464B34 /* main.m in Sources */,
				A3D105021D850DA500AC2BA2 /* LGUtils.m in Sources */,
			);
			runOnlyForDeploymentPostprocessing = 0;
		};
/* End PBXSourcesBuildPhase section */

/* Begin PBXVariantGroup section */
		A3E217B71D838A3500464B34 /* Main.storyboard */ = {
			isa = PBXVariantGroup;
			children = (
				A3E217B81D838A3500464B34 /* Base */,
			);
			name = Main.storyboard;
			sourceTree = "<group>";
		};
		A3E217BC1D838A3500464B34 /* LaunchScreen.storyboard */ = {
			isa = PBXVariantGroup;
			children = (
				A3E217BD1D838A3500464B34 /* Base */,
			);
			name = LaunchScreen.storyboard;
			sourceTree = "<group>";
		};
/* End PBXVariantGroup section */

/* Begin XCBuildConfiguration section */
		A3E217C01D838A3500464B34 /* Debug */ = {
			isa = XCBuildConfiguration;
			buildSettings = {
				ALWAYS_SEARCH_USER_PATHS = NO;
				CLANG_ANALYZER_NONNULL = YES;
				CLANG_CXX_LANGUAGE_STANDARD = "gnu++0x";
				CLANG_CXX_LIBRARY = "libc++";
				CLANG_ENABLE_MODULES = YES;
				CLANG_ENABLE_OBJC_ARC = YES;
				CLANG_WARN_BOOL_CONVERSION = YES;
				CLANG_WARN_CONSTANT_CONVERSION = YES;
				CLANG_WARN_DIRECT_OBJC_ISA_USAGE = YES_ERROR;
				CLANG_WARN_EMPTY_BODY = YES;
				CLANG_WARN_ENUM_CONVERSION = YES;
				CLANG_WARN_INT_CONVERSION = YES;
				CLANG_WARN_OBJC_ROOT_CLASS = YES_ERROR;
				CLANG_WARN_UNREACHABLE_CODE = YES;
				CLANG_WARN__DUPLICATE_METHOD_MATCH = YES;
				"CODE_SIGN_IDENTITY[sdk=iphoneos*]" = "iPhone Developer";
				COPY_PHASE_STRIP = NO;
				DEBUG_INFORMATION_FORMAT = dwarf;
				ENABLE_STRICT_OBJC_MSGSEND = YES;
				ENABLE_TESTABILITY = YES;
				GCC_C_LANGUAGE_STANDARD = gnu99;
				GCC_DYNAMIC_NO_PIC = NO;
				GCC_NO_COMMON_BLOCKS = YES;
				GCC_OPTIMIZATION_LEVEL = 0;
				GCC_PREPROCESSOR_DEFINITIONS = (
					"DEBUG=1",
					"$(inherited)",
				);
				GCC_WARN_64_TO_32_BIT_CONVERSION = YES;
				GCC_WARN_ABOUT_RETURN_TYPE = YES_ERROR;
				GCC_WARN_UNDECLARED_SELECTOR = YES;
				GCC_WARN_UNINITIALIZED_AUTOS = YES_AGGRESSIVE;
				GCC_WARN_UNUSED_FUNCTION = YES;
				GCC_WARN_UNUSED_VARIABLE = YES;
				IPHONEOS_DEPLOYMENT_TARGET = 9.3;
				MTL_ENABLE_DEBUG_INFO = YES;
				ONLY_ACTIVE_ARCH = YES;
				SDKROOT = iphoneos;
				TARGETED_DEVICE_FAMILY = "1,2";
			};
			name = Debug;
		};
		A3E217C11D838A3500464B34 /* Release */ = {
			isa = XCBuildConfiguration;
			buildSettings = {
				ALWAYS_SEARCH_USER_PATHS = NO;
				CLANG_ANALYZER_NONNULL = YES;
				CLANG_CXX_LANGUAGE_STANDARD = "gnu++0x";
				CLANG_CXX_LIBRARY = "libc++";
				CLANG_ENABLE_MODULES = YES;
				CLANG_ENABLE_OBJC_ARC = YES;
				CLANG_WARN_BOOL_CONVERSION = YES;
				CLANG_WARN_CONSTANT_CONVERSION = YES;
				CLANG_WARN_DIRECT_OBJC_ISA_USAGE = YES_ERROR;
				CLANG_WARN_EMPTY_BODY = YES;
				CLANG_WARN_ENUM_CONVERSION = YES;
				CLANG_WARN_INT_CONVERSION = YES;
				CLANG_WARN_OBJC_ROOT_CLASS = YES_ERROR;
				CLANG_WARN_UNREACHABLE_CODE = YES;
				CLANG_WARN__DUPLICATE_METHOD_MATCH = YES;
				"CODE_SIGN_IDENTITY[sdk=iphoneos*]" = "iPhone Developer";
				COPY_PHASE_STRIP = NO;
				DEBUG_INFORMATION_FORMAT = "dwarf-with-dsym";
				ENABLE_NS_ASSERTIONS = NO;
				ENABLE_STRICT_OBJC_MSGSEND = YES;
				GCC_C_LANGUAGE_STANDARD = gnu99;
				GCC_NO_COMMON_BLOCKS = YES;
				GCC_WARN_64_TO_32_BIT_CONVERSION = YES;
				GCC_WARN_ABOUT_RETURN_TYPE = YES_ERROR;
				GCC_WARN_UNDECLARED_SELECTOR = YES;
				GCC_WARN_UNINITIALIZED_AUTOS = YES_AGGRESSIVE;
				GCC_WARN_UNUSED_FUNCTION = YES;
				GCC_WARN_UNUSED_VARIABLE = YES;
				IPHONEOS_DEPLOYMENT_TARGET = 9.3;
				MTL_ENABLE_DEBUG_INFO = NO;
				SDKROOT = iphoneos;
				TARGETED_DEVICE_FAMILY = "1,2";
				VALIDATE_PRODUCT = YES;
			};
			name = Release;
		};
		A3E217C31D838A3500464B34 /* Debug */ = {
			isa = XCBuildConfiguration;
			buildSettings = {
				ASSETCATALOG_COMPILER_APPICON_NAME = AppIcon;
				GCC_PRECOMPILE_PREFIX_HEADER = YES;
				GCC_PREFIX_HEADER = MapInside/PrefixHeader.pch;
				INFOPLIST_FILE = MapInside/Info.plist;
				LD_RUNPATH_SEARCH_PATHS = "$(inherited) @executable_path/Frameworks";
				PRODUCT_BUNDLE_IDENTIFIER = com.stuckinaboot.MapInside;
				PRODUCT_NAME = "$(TARGET_NAME)";
			};
			name = Debug;
		};
		A3E217C41D838A3500464B34 /* Release */ = {
			isa = XCBuildConfiguration;
			buildSettings = {
				ASSETCATALOG_COMPILER_APPICON_NAME = AppIcon;
				GCC_PRECOMPILE_PREFIX_HEADER = YES;
				GCC_PREFIX_HEADER = MapInside/PrefixHeader.pch;
				INFOPLIST_FILE = MapInside/Info.plist;
				LD_RUNPATH_SEARCH_PATHS = "$(inherited) @executable_path/Frameworks";
				PRODUCT_BUNDLE_IDENTIFIER = com.stuckinaboot.MapInside;
				PRODUCT_NAME = "$(TARGET_NAME)";
			};
			name = Release;
		};
/* End XCBuildConfiguration section */

/* Begin XCConfigurationList section */
		A3E217A61D838A3500464B34 /* Build configuration list for PBXProject "MapInside" */ = {
			isa = XCConfigurationList;
			buildConfigurations = (
				A3E217C01D838A3500464B34 /* Debug */,
				A3E217C11D838A3500464B34 /* Release */,
			);
			defaultConfigurationIsVisible = 0;
			defaultConfigurationName = Release;
		};
		A3E217C21D838A3500464B34 /* Build configuration list for PBXNativeTarget "MapInside" */ = {
			isa = XCConfigurationList;
			buildConfigurations = (
				A3E217C31D838A3500464B34 /* Debug */,
				A3E217C41D838A3500464B34 /* Release */,
			);
			defaultConfigurationIsVisible = 0;
			defaultConfigurationName = Release;
		};
/* End XCConfigurationList section */
	};
	rootObject = A3E217A31D838A3500464B34 /* Project object */;
}
